
Microsoft Visual Studio Solution File, Format Version 12.00
# Visual Studio Version 16
VisualStudioVersion = 16.0.31410.357
MinimumVisualStudioVersion = 10.0.40219.1
Project("{9A19103F-16F7-4668-BE54-9A1E7A4F7556}") = "Parcial2-ap2-2018-0553", "Parcial2-ap2-2018-0553\Parcial2-ap2-2018-0553.csproj", "{67A1C8B8-1699-436B-9A80-7AB78FC84358}"
EndProject
Global
	GlobalSection(SolutionConfigurationPlatforms) = preSolution
		Debug|Any CPU = Debug|Any CPU
		Release|Any CPU = Release|Any CPU
	EndGlobalSection
	GlobalSection(ProjectConfigurationPlatforms) = postSolution
		{67A1C8B8-1699-436B-9A80-7AB78FC84358}.Debug|Any CPU.ActiveCfg = Debug|Any CPU
		{67A1C8B8-1699-436B-9A80-7AB78FC84358}.Debug|Any CPU.Build.0 = Debug|Any CPU
		{67A1C8B8-1699-436B-9A80-7AB78FC84358}.Release|Any CPU.ActiveCfg = Release|Any CPU
		{67A1C8B8-1699-436B-9A80-7AB78FC84358}.Release|Any CPU.Build.0 = Release|Any CPU
	EndGlobalSection
	GlobalSection(SolutionProperties) = preSolution
		HideSolutionNode = FALSE
	EndGlobalSection
	GlobalSection(ExtensibilityGlobals) = postSolution
		SolutionGuid = {5DF2C374-053C-40A0-83F3-3BFD1939CD20}
	EndGlobalSection
EndGlobal
